
Microsoft Visual Studio Solution File, Format Version 12.00
# Visual Studio Version 16
VisualStudioVersion = 16.0.30517.126
MinimumVisualStudioVersion = 10.0.40219.1
Project("{FAE04EC0-301F-11D3-BF4B-00C04F79EFBC}") = "ConsoleApp4", "ConsoleApp4\ConsoleApp4.csproj", "{3DABA8D2-3295-4CF4-9D06-D5851872A23E}"
EndProject
Global
	GlobalSection(SolutionConfigurationPlatforms) = preSolution
		Debug|Any CPU = Debug|Any CPU
		Release|Any CPU = Release|Any CPU
	EndGlobalSection
	GlobalSection(ProjectConfigurationPlatforms) = postSolution
		{3DABA8D2-3295-4CF4-9D06-D5851872A23E}.Debug|Any CPU.ActiveCfg = Debug|Any CPU
		{3DABA8D2-3295-4CF4-9D06-D5851872A23E}.Debug|Any CPU.Build.0 = Debug|Any CPU
		{3DABA8D2-3295-4CF4-9D06-D5851872A23E}.Release|Any CPU.ActiveCfg = Release|Any CPU
		{3DABA8D2-3295-4CF4-9D06-D5851872A23E}.Release|Any CPU.Build.0 = Release|Any CPU
	EndGlobalSection
	GlobalSection(SolutionProperties) = preSolution
		HideSolutionNode = FALSE
	EndGlobalSection
	GlobalSection(ExtensibilityGlobals) = postSolution
		SolutionGuid = {CDCD6F0E-F28F-47D5-8507-57D28E430F42}
	EndGlobalSection
EndGlobal
